
Microsoft Visual Studio Solution File, Format Version 12.00
# Visual Studio Version 16
VisualStudioVersion = 16.0.34407.143
MinimumVisualStudioVersion = 10.0.40219.1
Project("{FAE04EC0-301F-11D3-BF4B-00C04F79EFBC}") = "Görev1_LibraryProject", "Görev1_LibraryProject\Görev1_LibraryProject.csproj", "{27E9C592-03C7-47AD-A0D3-D600E2ED2483}"
EndProject
Global
	GlobalSection(SolutionConfigurationPlatforms) = preSolution
		Debug|Any CPU = Debug|Any CPU
		Release|Any CPU = Release|Any CPU
	EndGlobalSection
	GlobalSection(ProjectConfigurationPlatforms) = postSolution
		{27E9C592-03C7-47AD-A0D3-D600E2ED2483}.Debug|Any CPU.ActiveCfg = Debug|Any CPU
		{27E9C592-03C7-47AD-A0D3-D600E2ED2483}.Debug|Any CPU.Build.0 = Debug|Any CPU
		{27E9C592-03C7-47AD-A0D3-D600E2ED2483}.Release|Any CPU.ActiveCfg = Release|Any CPU
		{27E9C592-03C7-47AD-A0D3-D600E2ED2483}.Release|Any CPU.Build.0 = Release|Any CPU
	EndGlobalSection
	GlobalSection(SolutionProperties) = preSolution
		HideSolutionNode = FALSE
	EndGlobalSection
	GlobalSection(ExtensibilityGlobals) = postSolution
		SolutionGuid = {FC7DD3C8-F2A5-4B82-81F8-73D5E734AB17}
	EndGlobalSection
EndGlobal
